
Microsoft Visual Studio Solution File, Format Version 12.00
# Visual Studio 15
VisualStudioVersion = 15.0.28307.329
MinimumVisualStudioVersion = 10.0.40219.1
Project("{FAE04EC0-301F-11D3-BF4B-00C04F79EFBC}") = "examContact", "examContact\examContact.csproj", "{DF7721D1-BC2D-4BE5-B264-CCD9667261D0}"
EndProject
Global
	GlobalSection(SolutionConfigurationPlatforms) = preSolution
		Debug|Any CPU = Debug|Any CPU
		Release|Any CPU = Release|Any CPU
	EndGlobalSection
	GlobalSection(ProjectConfigurationPlatforms) = postSolution
		{DF7721D1-BC2D-4BE5-B264-CCD9667261D0}.Debug|Any CPU.ActiveCfg = Debug|Any CPU
		{DF7721D1-BC2D-4BE5-B264-CCD9667261D0}.Debug|Any CPU.Build.0 = Debug|Any CPU
		{DF7721D1-BC2D-4BE5-B264-CCD9667261D0}.Release|Any CPU.ActiveCfg = Release|Any CPU
		{DF7721D1-BC2D-4BE5-B264-CCD9667261D0}.Release|Any CPU.Build.0 = Release|Any CPU
	EndGlobalSection
	GlobalSection(SolutionProperties) = preSolution
		HideSolutionNode = FALSE
	EndGlobalSection
	GlobalSection(ExtensibilityGlobals) = postSolution
		SolutionGuid = {523368BD-BE57-4CFA-8948-97F63CC92967}
	EndGlobalSection
EndGlobal
